
Microsoft Visual Studio Solution File, Format Version 12.00
# Visual Studio 2013
VisualStudioVersion = 12.0.30723.0
MinimumVisualStudioVersion = 10.0.40219.1
Project("{F184B08F-C81C-45F6-A57F-5ABD9991F28F}") = "ServiceQueueDemo", "ServiceQueueDemo\ServiceQueueDemo.vbproj", "{6D7D26CE-FD99-4E4B-B4E1-8272939853CF}"
EndProject
Project("{F184B08F-C81C-45F6-A57F-5ABD9991F28F}") = "ServiceDemo.Client", "ServiceDemo.Client\ServiceDemo.Client.vbproj", "{F328C6B1-08BE-42B7-B202-F2C07C766302}"
	ProjectSection(ProjectDependencies) = postProject
		{6D7D26CE-FD99-4E4B-B4E1-8272939853CF} = {6D7D26CE-FD99-4E4B-B4E1-8272939853CF}
	EndProjectSection
EndProject
Global
	GlobalSection(SolutionConfigurationPlatforms) = preSolution
		Debug|Any CPU = Debug|Any CPU
		Release|Any CPU = Release|Any CPU
	EndGlobalSection
	GlobalSection(ProjectConfigurationPlatforms) = postSolution
		{6D7D26CE-FD99-4E4B-B4E1-8272939853CF}.Debug|Any CPU.ActiveCfg = Debug|Any CPU
		{6D7D26CE-FD99-4E4B-B4E1-8272939853CF}.Debug|Any CPU.Build.0 = Debug|Any CPU
		{6D7D26CE-FD99-4E4B-B4E1-8272939853CF}.Release|Any CPU.ActiveCfg = Release|Any CPU
		{6D7D26CE-FD99-4E4B-B4E1-8272939853CF}.Release|Any CPU.Build.0 = Release|Any CPU
		{F328C6B1-08BE-42B7-B202-F2C07C766302}.Debug|Any CPU.ActiveCfg = Debug|Any CPU
		{F328C6B1-08BE-42B7-B202-F2C07C766302}.Debug|Any CPU.Build.0 = Debug|Any CPU
		{F328C6B1-08BE-42B7-B202-F2C07C766302}.Release|Any CPU.ActiveCfg = Release|Any CPU
		{F328C6B1-08BE-42B7-B202-F2C07C766302}.Release|Any CPU.Build.0 = Release|Any CPU
	EndGlobalSection
	GlobalSection(SolutionProperties) = preSolution
		HideSolutionNode = FALSE
	EndGlobalSection
EndGlobal
